// !$*UTF8*$!
{
	archiveVersion = 1;
	classes = {
	};
	objectVersion = 46;
	objects = {

/* Begin PBXBuildFile section */
		E003485F1AB16DD1002E46CE /* AppDelegate.swift in Sources */ = {isa = PBXBuildFile; fileRef = E003485E1AB16DD1002E46CE /* AppDelegate.swift */; };
		E00348611AB16DD1002E46CE /* ViewController.swift in Sources */ = {isa = PBXBuildFile; fileRef = E00348601AB16DD1002E46CE /* ViewController.swift */; };
		E00348641AB16DD1002E46CE /* Main.storyboard in Resources */ = {isa = PBXBuildFile; fileRef = E00348621AB16DD1002E46CE /* Main.storyboard */; };
		E00348661AB16DD1002E46CE /* Images.xcassets in Resources */ = {isa = PBXBuildFile; fileRef = E00348651AB16DD1002E46CE /* Images.xcassets */; };
		E00348691AB16DD1002E46CE /* LaunchScreen.xib in Resources */ = {isa = PBXBuildFile; fileRef = E00348671AB16DD1002E46CE /* LaunchScreen.xib */; };
		E00348751AB16DD1002E46CE /* NSUserDefaultsExampleTests.swift in Sources */ = {isa = PBXBuildFile; fileRef = E00348741AB16DD1002E46CE /* NSUserDefaultsExampleTests.swift */; };
/* End PBXBuildFile section */

/* Begin PBXContainerItemProxy section */
		E003486F1AB16DD1002E46CE /* PBXContainerItemProxy */ = {
			isa = PBXContainerItemProxy;
			containerPortal = E00348511AB16DD1002E46CE /* Project object */;
			proxyType = 1;
			remoteGlobalIDString = E00348581AB16DD1002E46CE;
			remoteInfo = NSUserDefaultsExample;
		};
/* End PBXContainerItemProxy section */

/* Begin PBXFileReference section */
		E00348591AB16DD1002E46CE /* NSUserDefaultsExample.app */ = {isa = PBXFileReference; explicitFileType = wrapper.application; includeInIndex = 0; path = NSUserDefaultsExample.app; sourceTree = BUILT_PRODUCTS_DIR; };
		E003485D1AB16DD1002E46CE /* Info.plist */ = {isa = PBXFileReference; lastKnownFileType = text.plist.xml; path = Info.plist; sourceTree = "<group>"; };
		E003485E1AB16DD1002E46CE /* AppDelegate.swift */ = {isa = PBXFileReference; lastKnownFileType = sourcecode.swift; path = AppDelegate.swift; sourceTree = "<group>"; };
		E00348601AB16DD1002E46CE /* ViewController.swift */ = {isa = PBXFileReference; lastKnownFileType = sourcecode.swift; path = ViewController.swift; sourceTree = "<group>"; };
		E00348631AB16DD1002E46CE /* Base */ = {isa = PBXFileReference; lastKnownFileType = file.storyboard; name = Base; path = Base.lproj/Main.storyboard; sourceTree = "<group>"; };
		E00348651AB16DD1002E46CE /* Images.xcassets */ = {isa = PBXFileReference; lastKnownFileType = folder.assetcatalog; path = Images.xcassets; sourceTree = "<group>"; };
		E00348681AB16DD1002E46CE /* Base */ = {isa = PBXFileReference; lastKnownFileType = file.xib; name = Base; path = Base.lproj/LaunchScreen.xib; sourceTree = "<group>"; };
		E003486E1AB16DD1002E46CE /* NSUserDefaultsExampleTests.xctest */ = {isa = PBXFileReference; explicitFileType = wrapper.cfbundle; includeInIndex = 0; path = NSUserDefaultsExampleTests.xctest; sourceTree = BUILT_PRODUCTS_DIR; };
		E00348731AB16DD1002E46CE /* Info.plist */ = {isa = PBXFileReference; lastKnownFileType = text.plist.xml; path = Info.plist; sourceTree = "<group>"; };
		E00348741AB16DD1002E46CE /* NSUserDefaultsExampleTests.swift */ = {isa = PBXFileReference; lastKnownFileType = sourcecode.swift; path = NSUserDefaultsExampleTests.swift; sourceTree = "<group>"; };
/* End PBXFileReference section */

/* Begin PBXFrameworksBuildPhase section */
		E00348561AB16DD1002E46CE /* Frameworks */ = {
			isa = PBXFrameworksBuildPhase;
			buildActionMask = 2147483647;
			files = (
			);
			runOnlyForDeploymentPostprocessing = 0;
		};
		E003486B1AB16DD1002E46CE /* Frameworks */ = {
			isa = PBXFrameworksBuildPhase;
			buildActionMask = 2147483647;
			files = (
			);
			runOnlyForDeploymentPostprocessing = 0;
		};
/* End PBXFrameworksBuildPhase section */

/* Begin PBXGroup section */
		E00348501AB16DD1002E46CE = {
			isa = PBXGroup;
			children = (
				E003485B1AB16DD1002E46CE /* NSUserDefaultsExample */,
				E00348711AB16DD1002E46CE /* NSUserDefaultsExampleTests */,
				E003485A1AB16DD1002E46CE /* Products */,
			);
			sourceTree = "<group>";
		};
		E003485A1AB16DD1002E46CE /* Products */ = {
			isa = PBXGroup;
			children = (
				E00348591AB16DD1002E46CE /* NSUserDefaultsExample.app */,
				E003486E1AB16DD1002E46CE /* NSUserDefaultsExampleTests.xctest */,
			);
			name = Products;
			sourceTree = "<group>";
		};
		E003485B1AB16DD1002E46CE /* NSUserDefaultsExample */ = {
			isa = PBXGroup;
			children = (
				E003485E1AB16DD1002E46CE /* AppDelegate.swift */,
				E00348601AB16DD1002E46CE /* ViewController.swift */,
				E00348621AB16DD1002E46CE /* Main.storyboard */,
				E00348651AB16DD1002E46CE /* Images.xcassets */,
				E00348671AB16DD1002E46CE /* LaunchScreen.xib */,
				E003485C1AB16DD1002E46CE /* Supporting Files */,
			);
			path = NSUserDefaultsExample;
			sourceTree = "<group>";
		};
		E003485C1AB16DD1002E46CE /* Supporting Files */ = {
			isa = PBXGroup;
			children = (
				E003485D1AB16DD1002E46CE /* Info.plist */,
			);
			name = "Supporting Files";
			sourceTree = "<group>";
		};
		E00348711AB16DD1002E46CE /* NSUserDefaultsExampleTests */ = {
			isa = PBXGroup;
			children = (
				E00348741AB16DD1002E46CE /* NSUserDefaultsExampleTests.swift */,
				E00348721AB16DD1002E46CE /* Supporting Files */,
			);
			path = NSUserDefaultsExampleTests;
			sourceTree = "<group>";
		};
		E00348721AB16DD1002E46CE /* Supporting Files */ = {
			isa = PBXGroup;
			children = (
				E00348731AB16DD1002E46CE /* Info.plist */,
			);
			name = "Supporting Files";
			sourceTree = "<group>";
		};
/* End PBXGroup section */

/* Begin PBXNativeTarget section */
		E00348581AB16DD1002E46CE /* NSUserDefaultsExample */ = {
			isa = PBXNativeTarget;
			buildConfigurationList = E00348781AB16DD1002E46CE /* Build configuration list for PBXNativeTarget "NSUserDefaultsExample" */;
			buildPhases = (
				E00348551AB16DD1002E46CE /* Sources */,
				E00348561AB16DD1002E46CE /* Frameworks */,
				E00348571AB16DD1002E46CE /* Resources */,
			);
			buildRules = (
			);
			dependencies = (
			);
			name = NSUserDefaultsExample;
			productName = NSUserDefaultsExample;
			productReference = E00348591AB16DD1002E46CE /* NSUserDefaultsExample.app */;
			productType = "com.apple.product-type.application";
		};
		E003486D1AB16DD1002E46CE /* NSUserDefaultsExampleTests */ = {
			isa = PBXNativeTarget;
			buildConfigurationList = E003487B1AB16DD1002E46CE /* Build configuration list for PBXNativeTarget "NSUserDefaultsExampleTests" */;
			buildPhases = (
				E003486A1AB16DD1002E46CE /* Sources */,
				E003486B1AB16DD1002E46CE /* Frameworks */,
				E003486C1AB16DD1002E46CE /* Resources */,
			);
			buildRules = (
			);
			dependencies = (
				E00348701AB16DD1002E46CE /* PBXTargetDependency */,
			);
			name = NSUserDefaultsExampleTests;
			productName = NSUserDefaultsExampleTests;
			productReference = E003486E1AB16DD1002E46CE /* NSUserDefaultsExampleTests.xctest */;
			productType = "com.apple.product-type.bundle.unit-test";
		};
/* End PBXNativeTarget section */

/* Begin PBXProject section */
		E00348511AB16DD1002E46CE /* Project object */ = {
			isa = PBXProject;
			attributes = {
				LastUpgradeCheck = 0610;
				ORGANIZATIONNAME = "Rodolfo Castillo";
				TargetAttributes = {
					E00348581AB16DD1002E46CE = {
						CreatedOnToolsVersion = 6.1.1;
					};
					E003486D1AB16DD1002E46CE = {
						CreatedOnToolsVersion = 6.1.1;
						TestTargetID = E00348581AB16DD1002E46CE;
					};
				};
			};
			buildConfigurationList = E00348541AB16DD1002E46CE /* Build configuration list for PBXProject "NSUserDefaultsExample" */;
			compatibilityVersion = "Xcode 3.2";
			developmentRegion = English;
			hasScannedForEncodings = 0;
			knownRegions = (
				en,
				Base,
			);
			mainGroup = E00348501AB16DD1002E46CE;
			productRefGroup = E003485A1AB16DD1002E46CE /* Products */;
			projectDirPath = "";
			projectRoot = "";
			targets = (
				E00348581AB16DD1002E46CE /* NSUserDefaultsExample */,
				E003486D1AB16DD1002E46CE /* NSUserDefaultsExampleTests */,
			);
		};
/* End PBXProject section */

/* Begin PBXResourcesBuildPhase section */
		E00348571AB16DD1002E46CE /* Resources */ = {
			isa = PBXResourcesBuildPhase;
			buildActionMask = 2147483647;
			files = (
				E00348641AB16DD1002E46CE /* Main.storyboard in Resources */,
				E00348691AB16DD1002E46CE /* LaunchScreen.xib in Resources */,
				E00348661AB16DD1002E46CE /* Images.xcassets in Resources */,
			);
			runOnlyForDeploymentPostprocessing = 0;
		};
		E003486C1AB16DD1002E46CE /* Resources */ = {
			isa = PBXResourcesBuildPhase;
			buildActionMask = 2147483647;
			files = (
			);
			runOnlyForDeploymentPostprocessing = 0;
		};
/* End PBXResourcesBuildPhase section */

/* Begin PBXSourcesBuildPhase section */
		E00348551AB16DD1002E46CE /* Sources */ = {
			isa = PBXSourcesBuildPhase;
			buildActionMask = 2147483647;
			files = (
				E00348611AB16DD1002E46CE /* ViewController.swift in Sources */,
				E003485F1AB16DD1002E46CE /* AppDelegate.swift in Sources */,
			);
			runOnlyForDeploymentPostprocessing = 0;
		};
		E003486A1AB16DD1002E46CE /* Sources */ = {
			isa = PBXSourcesBuildPhase;
			buildActionMask = 2147483647;
			files = (
				E00348751AB16DD1002E46CE /* NSUserDefaultsExampleTests.swift in Sources */,
			);
			runOnlyForDeploymentPostprocessing = 0;
		};
/* End PBXSourcesBuildPhase section */

/* Begin PBXTargetDependency section */
		E00348701AB16DD1002E46CE /* PBXTargetDependency */ = {
			isa = PBXTargetDependency;
			target = E00348581AB16DD1002E46CE /* NSUserDefaultsExample */;
			targetProxy = E003486F1AB16DD1002E46CE /* PBXContainerItemProxy */;
		};
/* End PBXTargetDependency section */

/* Begin PBXVariantGroup section */
		E00348621AB16DD1002E46CE /* Main.storyboard */ = {
			isa = PBXVariantGroup;
			children = (
				E00348631AB16DD1002E46CE /* Base */,
			);
			name = Main.storyboard;
			sourceTree = "<group>";
		};
		E00348671AB16DD1002E46CE /* LaunchScreen.xib */ = {
			isa = PBXVariantGroup;
			children = (
				E00348681AB16DD1002E46CE /* Base */,
			);
			name = LaunchScreen.xib;
			sourceTree = "<group>";
		};
/* End PBXVariantGroup section */

/* Begin XCBuildConfiguration section */
		E00348761AB16DD1002E46CE /* Debug */ = {
			isa = XCBuildConfiguration;
			buildSettings = {
				ALWAYS_SEARCH_USER_PATHS = NO;
				CLANG_CXX_LANGUAGE_STANDARD = "gnu++0x";
				CLANG_CXX_LIBRARY = "libc++";
				CLANG_ENABLE_MODULES = YES;
				CLANG_ENABLE_OBJC_ARC = YES;
				CLANG_WARN_BOOL_CONVERSION = YES;
				CLANG_WARN_CONSTANT_CONVERSION = YES;
				CLANG_WARN_DIRECT_OBJC_ISA_USAGE = YES_ERROR;
				CLANG_WARN_EMPTY_BODY = YES;
				CLANG_WARN_ENUM_CONVERSION = YES;
				CLANG_WARN_INT_CONVERSION = YES;
				CLANG_WARN_OBJC_ROOT_CLASS = YES_ERROR;
				CLANG_WARN_UNREACHABLE_CODE = YES;
				CLANG_WARN__DUPLICATE_METHOD_MATCH = YES;
				"CODE_SIGN_IDENTITY[sdk=iphoneos*]" = "iPhone Developer";
				COPY_PHASE_STRIP = NO;
				ENABLE_STRICT_OBJC_MSGSEND = YES;
				GCC_C_LANGUAGE_STANDARD = gnu99;
				GCC_DYNAMIC_NO_PIC = NO;
				GCC_OPTIMIZATION_LEVEL = 0;
				GCC_PREPROCESSOR_DEFINITIONS = (
					"DEBUG=1",
					"$(inherited)",
				);
				GCC_SYMBOLS_PRIVATE_EXTERN = NO;
				GCC_WARN_64_TO_32_BIT_CONVERSION = YES;
				GCC_WARN_ABOUT_RETURN_TYPE = YES_ERROR;
				GCC_WARN_UNDECLARED_SELECTOR = YES;
				GCC_WARN_UNINITIALIZED_AUTOS = YES_AGGRESSIVE;
				GCC_WARN_UNUSED_FUNCTION = YES;
				GCC_WARN_UNUSED_VARIABLE = YES;
				IPHONEOS_DEPLOYMENT_TARGET = 8.1;
				MTL_ENABLE_DEBUG_INFO = YES;
				ONLY_ACTIVE_ARCH = YES;
				SDKROOT = iphoneos;
				SWIFT_OPTIMIZATION_LEVEL = "-Onone";
			};
			name = Debug;
		};
		E00348771AB16DD1002E46CE /* Release */ = {
			isa = XCBuildConfiguration;
			buildSettings = {
				ALWAYS_SEARCH_USER_PATHS = NO;
				CLANG_CXX_LANGUAGE_STANDARD = "gnu++0x";
				CLANG_CXX_LIBRARY = "libc++";
				CLANG_ENABLE_MODULES = YES;
				CLANG_ENABLE_OBJC_ARC = YES;
				CLANG_WARN_BOOL_CONVERSION = YES;
				CLANG_WARN_CONSTANT_CONVERSION = YES;
				CLANG_WARN_DIRECT_OBJC_ISA_USAGE = YES_ERROR;
				CLANG_WARN_EMPTY_BODY = YES;
				CLANG_WARN_ENUM_CONVERSION = YES;
				CLANG_WARN_INT_CONVERSION = YES;
				CLANG_WARN_OBJC_ROOT_CLASS = YES_ERROR;
				CLANG_WARN_UNREACHABLE_CODE = YES;
				CLANG_WARN__DUPLICATE_METHOD_MATCH = YES;
				"CODE_SIGN_IDENTITY[sdk=iphoneos*]" = "iPhone Developer";
				COPY_PHASE_STRIP = YES;
				ENABLE_NS_ASSERTIONS = NO;
				ENABLE_STRICT_OBJC_MSGSEND = YES;
				GCC_C_LANGUAGE_STANDARD = gnu99;
				GCC_WARN_64_TO_32_BIT_CONVERSION = YES;
				GCC_WARN_ABOUT_RETURN_TYPE = YES_ERROR;
				GCC_WARN_UNDECLARED_SELECTOR = YES;
				GCC_WARN_UNINITIALIZED_AUTOS = YES_AGGRESSIVE;
				GCC_WARN_UNUSED_FUNCTION = YES;
				GCC_WARN_UNUSED_VARIABLE = YES;
				IPHONEOS_DEPLOYMENT_TARGET = 8.1;
				MTL_ENABLE_DEBUG_INFO = NO;
				SDKROOT = iphoneos;
				VALIDATE_PRODUCT = YES;
			};
			name = Release;
		};
		E00348791AB16DD1002E46CE /* Debug */ = {
			isa = XCBuildConfiguration;
			buildSettings = {
				ASSETCATALOG_COMPILER_APPICON_NAME = AppIcon;
				INFOPLIST_FILE = NSUserDefaultsExample/Info.plist;
				LD_RUNPATH_SEARCH_PATHS = "$(inherited) @executable_path/Frameworks";
				PRODUCT_NAME = "$(TARGET_NAME)";
			};
			name = Debug;
		};
		E003487A1AB16DD1002E46CE /* Release */ = {
			isa = XCBuildConfiguration;
			buildSettings = {
				ASSETCATALOG_COMPILER_APPICON_NAME = AppIcon;
				INFOPLIST_FILE = NSUserDefaultsExample/Info.plist;
				LD_RUNPATH_SEARCH_PATHS = "$(inherited) @executable_path/Frameworks";
				PRODUCT_NAME = "$(TARGET_NAME)";
			};
			name = Release;
		};
		E003487C1AB16DD1002E46CE /* Debug */ = {
			isa = XCBuildConfiguration;
			buildSettings = {
				BUNDLE_LOADER = "$(TEST_HOST)";
				FRAMEWORK_SEARCH_PATHS = (
					"$(SDKROOT)/Developer/Library/Frameworks",
					"$(inherited)",
				);
				GCC_PREPROCESSOR_DEFINITIONS = (
					"DEBUG=1",
					"$(inherited)",
				);
				INFOPLIST_FILE = NSUserDefaultsExampleTests/Info.plist;
				LD_RUNPATH_SEARCH_PATHS = "$(inherited) @executable_path/Frameworks @loader_path/Frameworks";
				PRODUCT_NAME = "$(TARGET_NAME)";
				TEST_HOST = "$(BUILT_PRODUCTS_DIR)/NSUserDefaultsExample.app/NSUserDefaultsExample";
			};
			name = Debug;
		};
		E003487D1AB16DD1002E46CE /* Release */ = {
			isa = XCBuildConfiguration;
			buildSettings = {
				BUNDLE_LOADER = "$(TEST_HOST)";
				FRAMEWORK_SEARCH_PATHS = (
					"$(SDKROOT)/Developer/Library/Frameworks",
					"$(inherited)",
				);
				INFOPLIST_FILE = NSUserDefaultsExampleTests/Info.plist;
				LD_RUNPATH_SEARCH_PATHS = "$(inherited) @executable_path/Frameworks @loader_path/Frameworks";
				PRODUCT_NAME = "$(TARGET_NAME)";
				TEST_HOST = "$(BUILT_PRODUCTS_DIR)/NSUserDefaultsExample.app/NSUserDefaultsExample";
			};
			name = Release;
		};
/* End XCBuildConfiguration section */

/* Begin XCConfigurationList section */
		E00348541AB16DD1002E46CE /* Build configuration list for PBXProject "NSUserDefaultsExample" */ = {
			isa = XCConfigurationList;
			buildConfigurations = (
				E00348761AB16DD1002E46CE /* Debug */,
				E00348771AB16DD1002E46CE /* Release */,
			);
			defaultConfigurationIsVisible = 0;
			defaultConfigurationName = Release;
		};
		E00348781AB16DD1002E46CE /* Build configuration list for PBXNativeTarget "NSUserDefaultsExample" */ = {
			isa = XCConfigurationList;
			buildConfigurations = (
				E00348791AB16DD1002E46CE /* Debug */,
				E003487A1AB16DD1002E46CE /* Release */,
			);
			defaultConfigurationIsVisible = 0;
		};
		E003487B1AB16DD1002E46CE /* Build configuration list for PBXNativeTarget "NSUserDefaultsExampleTests" */ = {
			isa = XCConfigurationList;
			buildConfigurations = (
				E003487C1AB16DD1002E46CE /* Debug */,
				E003487D1AB16DD1002E46CE /* Release */,
			);
			defaultConfigurationIsVisible = 0;
		};
/* End XCConfigurationList section */
	};
	rootObject = E00348511AB16DD1002E46CE /* Project object */;
}
